
Microsoft Visual Studio Solution File, Format Version 12.00
# Visual Studio 2012
Project("{FAE04EC0-301F-11D3-BF4B-00C04F79EFBC}") = "1.3-Basics_CSharp", "1.3-Basics_CSharp\1.3-Basics_CSharp.csproj", "{AF0D78E6-48DB-4657-B32A-1EBE01254061}"
EndProject
Project("{2150E333-8FDC-42A3-9474-1A3956D46DE8}") = "Demos", "Demos", "{1B56CD63-B072-464E-8C60-E1519DA3A5AB}"
EndProject
Project("{2150E333-8FDC-42A3-9474-1A3956D46DE8}") = "Exercices", "Exercices", "{512BEDF3-FB39-40A9-B07F-461A2798203E}"
EndProject
Project("{FAE04EC0-301F-11D3-BF4B-00C04F79EFBC}") = "1.1", "1.1\1.1.csproj", "{92642965-D9DC-46B6-A092-02D94915BA66}"
EndProject
Project("{FAE04EC0-301F-11D3-BF4B-00C04F79EFBC}") = "1.2", "1.2\1.2.csproj", "{019E4BFB-B46C-4A6A-A5AB-D18B0A810015}"
EndProject
Project("{FAE04EC0-301F-11D3-BF4B-00C04F79EFBC}") = "1.3", "1.3\1.3.csproj", "{80161B28-B319-4A10-B092-5D43F71C3EA8}"
EndProject
Project("{FAE04EC0-301F-11D3-BF4B-00C04F79EFBC}") = "1.4", "1.4\1.4.csproj", "{E23E0FC8-9E30-49EF-9BE9-36A7D600C77F}"
EndProject
Global
	GlobalSection(SolutionConfigurationPlatforms) = preSolution
		Debug|Any CPU = Debug|Any CPU
		Release|Any CPU = Release|Any CPU
	EndGlobalSection
	GlobalSection(ProjectConfigurationPlatforms) = postSolution
		{AF0D78E6-48DB-4657-B32A-1EBE01254061}.Debug|Any CPU.ActiveCfg = Debug|Any CPU
		{AF0D78E6-48DB-4657-B32A-1EBE01254061}.Debug|Any CPU.Build.0 = Debug|Any CPU
		{AF0D78E6-48DB-4657-B32A-1EBE01254061}.Release|Any CPU.ActiveCfg = Release|Any CPU
		{AF0D78E6-48DB-4657-B32A-1EBE01254061}.Release|Any CPU.Build.0 = Release|Any CPU
		{92642965-D9DC-46B6-A092-02D94915BA66}.Debug|Any CPU.ActiveCfg = Debug|Any CPU
		{92642965-D9DC-46B6-A092-02D94915BA66}.Debug|Any CPU.Build.0 = Debug|Any CPU
		{92642965-D9DC-46B6-A092-02D94915BA66}.Release|Any CPU.ActiveCfg = Release|Any CPU
		{92642965-D9DC-46B6-A092-02D94915BA66}.Release|Any CPU.Build.0 = Release|Any CPU
		{019E4BFB-B46C-4A6A-A5AB-D18B0A810015}.Debug|Any CPU.ActiveCfg = Debug|Any CPU
		{019E4BFB-B46C-4A6A-A5AB-D18B0A810015}.Debug|Any CPU.Build.0 = Debug|Any CPU
		{019E4BFB-B46C-4A6A-A5AB-D18B0A810015}.Release|Any CPU.ActiveCfg = Release|Any CPU
		{019E4BFB-B46C-4A6A-A5AB-D18B0A810015}.Release|Any CPU.Build.0 = Release|Any CPU
		{80161B28-B319-4A10-B092-5D43F71C3EA8}.Debug|Any CPU.ActiveCfg = Debug|Any CPU
		{80161B28-B319-4A10-B092-5D43F71C3EA8}.Debug|Any CPU.Build.0 = Debug|Any CPU
		{80161B28-B319-4A10-B092-5D43F71C3EA8}.Release|Any CPU.ActiveCfg = Release|Any CPU
		{80161B28-B319-4A10-B092-5D43F71C3EA8}.Release|Any CPU.Build.0 = Release|Any CPU
		{E23E0FC8-9E30-49EF-9BE9-36A7D600C77F}.Debug|Any CPU.ActiveCfg = Debug|Any CPU
		{E23E0FC8-9E30-49EF-9BE9-36A7D600C77F}.Debug|Any CPU.Build.0 = Debug|Any CPU
		{E23E0FC8-9E30-49EF-9BE9-36A7D600C77F}.Release|Any CPU.ActiveCfg = Release|Any CPU
		{E23E0FC8-9E30-49EF-9BE9-36A7D600C77F}.Release|Any CPU.Build.0 = Release|Any CPU
	EndGlobalSection
	GlobalSection(SolutionProperties) = preSolution
		HideSolutionNode = FALSE
	EndGlobalSection
	GlobalSection(NestedProjects) = preSolution
		{AF0D78E6-48DB-4657-B32A-1EBE01254061} = {1B56CD63-B072-464E-8C60-E1519DA3A5AB}
		{92642965-D9DC-46B6-A092-02D94915BA66} = {512BEDF3-FB39-40A9-B07F-461A2798203E}
		{019E4BFB-B46C-4A6A-A5AB-D18B0A810015} = {512BEDF3-FB39-40A9-B07F-461A2798203E}
		{80161B28-B319-4A10-B092-5D43F71C3EA8} = {512BEDF3-FB39-40A9-B07F-461A2798203E}
		{E23E0FC8-9E30-49EF-9BE9-36A7D600C77F} = {512BEDF3-FB39-40A9-B07F-461A2798203E}
	EndGlobalSection
EndGlobal
